
Microsoft Visual Studio Solution File, Format Version 12.00
# Visual Studio 2013
VisualStudioVersion = 12.0.30110.0
MinimumVisualStudioVersion = 10.0.40219.1
Project("{FAE04EC0-301F-11D3-BF4B-00C04F79EFBC}") = "Kooboo.Commerce", "Kooboo.Commerce\Kooboo.Commerce.csproj", "{BA7AA675-9613-4507-9BAA-2BA608E990CA}"
EndProject
Project("{2150E333-8FDC-42A3-9474-1A3956D46DE8}") = "1. Core", "1. Core", "{815F0052-9314-40A9-BA1B-71572CCD98AD}"
EndProject
Project("{FAE04EC0-301F-11D3-BF4B-00C04F79EFBC}") = "Kooboo.Commerce.Infrastructure", "Kooboo.Commerce.Infrastructure\Kooboo.Commerce.Infrastructure.csproj", "{E22AF3F7-7F7F-4571-89DA-8E39DABB6926}"
EndProject
Project("{2150E333-8FDC-42A3-9474-1A3956D46DE8}") = "4. AddIns", "4. AddIns", "{BF64373D-7134-4408-8749-1B6A954BEFF8}"
EndProject
Project("{FAE04EC0-301F-11D3-BF4B-00C04F79EFBC}") = "Kooboo.Commerce.Web", "Kooboo.Commerce.Web\Kooboo.Commerce.Web.csproj", "{DC4664E1-6E95-4062-9AC0-C0574DDAB015}"
EndProject
Project("{2150E333-8FDC-42A3-9474-1A3956D46DE8}") = ".nuget", ".nuget", "{C1F0865C-8381-481F-B5AC-FF00241DE95B}"
	ProjectSection(SolutionItems) = preProject
		.nuget\NuGet.Config = .nuget\NuGet.Config
		.nuget\NuGet.exe = .nuget\NuGet.exe
		.nuget\NuGet.targets = .nuget\NuGet.targets
	EndProjectSection
EndProject
Project("{2150E333-8FDC-42A3-9474-1A3956D46DE8}") = "Activities", "Activities", "{B9E2689E-7802-4F2D-82FC-29B6650A3950}"
EndProject
Project("{2150E333-8FDC-42A3-9474-1A3956D46DE8}") = "Payments", "Payments", "{B70DACF5-6EF4-45D7-97CB-AE97A14FCF3A}"
EndProject
Project("{2150E333-8FDC-42A3-9474-1A3956D46DE8}") = "Promotions", "Promotions", "{C9CA398D-7BE3-4748-B6B2-D21AC9448B1B}"
EndProject
Project("{FAE04EC0-301F-11D3-BF4B-00C04F79EFBC}") = "Kooboo.Commerce.Promotions.Policies.Default", "Kooboo.Commerce.Web\Areas\Kooboo.Commerce.Promotions.Policies.Default\Kooboo.Commerce.Promotions.Policies.Default.csproj", "{585D673E-82D2-4B8F-BAA2-66F5FD004AF0}"
EndProject
Project("{FAE04EC0-301F-11D3-BF4B-00C04F79EFBC}") = "Kooboo.Commerce.Payments.iDeal", "Kooboo.Commerce.Web\Areas\Kooboo.Commerce.Payments.iDeal\Kooboo.Commerce.Payments.iDeal.csproj", "{1AE76B20-1FE6-4CE6-9486-22804BAEDE76}"
EndProject
Project("{2150E333-8FDC-42A3-9474-1A3956D46DE8}") = "WebControls", "WebControls", "{D91DD0F1-BAE9-4DCA-BBC5-67D9B1E1E61D}"
EndProject
Project("{FAE04EC0-301F-11D3-BF4B-00C04F79EFBC}") = "Kooboo.Commerce.EAV.WebControls", "Kooboo.Commerce.Web\Areas\Kooboo.Commerce.EAV.WebControls\Kooboo.Commerce.EAV.WebControls.csproj", "{38106EC3-339F-4AF9-B1F1-9C9EAC8BBC78}"
EndProject
Project("{FAE04EC0-301F-11D3-BF4B-00C04F79EFBC}") = "Kooboo.Commerce.EAV.Validators", "Kooboo.Commerce.Web\Areas\Kooboo.Commerce.EAV.Validators\Kooboo.Commerce.EAV.Validators.csproj", "{E24C0148-0A5E-40C4-9111-CF6B872FAB15}"
EndProject
Project("{2150E333-8FDC-42A3-9474-1A3956D46DE8}") = "Shipping", "Shipping", "{3224596E-BCE8-4FDE-A7D8-634B9D331244}"
EndProject
Project("{2150E333-8FDC-42A3-9474-1A3956D46DE8}") = "Shipping Rate Providers", "Shipping Rate Providers", "{8B1D7038-D3DB-43D3-AADC-C7BCC7B07590}"
EndProject
Project("{FAE04EC0-301F-11D3-BF4B-00C04F79EFBC}") = "Kooboo.Commerce.Shipping.ByWeight", "Kooboo.Commerce.Web\Areas\Kooboo.Commerce.Shipping.ByWeight\Kooboo.Commerce.Shipping.ByWeight.csproj", "{176BA79C-E673-4DD4-8FC9-403520ACF672}"
EndProject
Project("{2150E333-8FDC-42A3-9474-1A3956D46DE8}") = "Shipment Trackers", "Shipment Trackers", "{E1BC254D-CC60-4468-B37E-C6B07BC20CCA}"
EndProject
Project("{FAE04EC0-301F-11D3-BF4B-00C04F79EFBC}") = "Kooboo.Commerce.Shipping.UPS", "Kooboo.Commerce.Web\Areas\Kooboo.Commerce.Shipping.UPS\Kooboo.Commerce.Shipping.UPS.csproj", "{B5D73013-AC0E-4A38-AFE5-9C931797F6A0}"
EndProject
Project("{2150E333-8FDC-42A3-9474-1A3956D46DE8}") = "2. Providers", "2. Providers", "{F2857AEC-6C85-45BF-BC2A-A2EC0A20D30C}"
EndProject
Project("{FAE04EC0-301F-11D3-BF4B-00C04F79EFBC}") = "Kooboo.Commerce.Data.SqlServer", "Kooboo.Commerce.Data.SqlServer\Kooboo.Commerce.Data.SqlServer.csproj", "{5B8B6F8C-F82F-425F-B521-40B2949383E4}"
EndProject
Project("{FAE04EC0-301F-11D3-BF4B-00C04F79EFBC}") = "Kooboo.Commerce.Data.Mapping", "Kooboo.Commerce.Data.Mapping\Kooboo.Commerce.Data.Mapping.csproj", "{26517DC5-30B5-4EB3-A3E7-A1ADE568D8BC}"
EndProject
Project("{FAE04EC0-301F-11D3-BF4B-00C04F79EFBC}") = "Kooboo.Commerce.Payments.Fake", "Kooboo.Commerce.Web\Areas\Kooboo.Commerce.Payments.Fake\Kooboo.Commerce.Payments.Fake.csproj", "{86A0352B-7C37-4322-9B91-C0D0556083CB}"
EndProject
Project("{FAE04EC0-301F-11D3-BF4B-00C04F79EFBC}") = "Kooboo.Commerce.Payments.PayPal", "Kooboo.Commerce.Web\Areas\Kooboo.Commerce.Payments.PayPal\Kooboo.Commerce.Payments.PayPal.csproj", "{27F37F70-B109-49C2-9383-C8B855C4AEFB}"
EndProject
Project("{FAE04EC0-301F-11D3-BF4B-00C04F79EFBC}") = "Kooboo.Commerce.Payments.AuthorizeNet", "Kooboo.Commerce.Web\Areas\Kooboo.Commerce.Payments.AuthorizeNet\Kooboo.Commerce.Payments.AuthorizeNet.csproj", "{E5114D63-FFD9-413F-830E-6E4F769200B2}"
EndProject
Project("{2150E333-8FDC-42A3-9474-1A3956D46DE8}") = "3. API", "3. API", "{74EF2E50-2925-404D-9028-C457DDEC6520}"
EndProject
Project("{FAE04EC0-301F-11D3-BF4B-00C04F79EFBC}") = "Kooboo.Commerce.Activities.Recommendation", "Kooboo.Commerce.Web\Areas\Kooboo.Commerce.Activities.Recommendation\Kooboo.Commerce.Activities.Recommendation.csproj", "{51754289-4183-4D46-B147-01B4F0B56A5C}"
EndProject
Project("{FAE04EC0-301F-11D3-BF4B-00C04F79EFBC}") = "Kooboo.Commerce.Payments.Buckaroo", "Kooboo.Commerce.Web\Areas\Kooboo.Commerce.Payments.Buckaroo\Kooboo.Commerce.Payments.Buckaroo.csproj", "{384099CF-682D-46B8-B136-010DBE91018D}"
EndProject
Project("{FAE04EC0-301F-11D3-BF4B-00C04F79EFBC}") = "Kooboo.Commerce.API", "Kooboo.Commerce.API\Kooboo.Commerce.API.csproj", "{CD168C81-AA6F-480A-94EC-87E3BA0A5871}"
EndProject
Project("{FAE04EC0-301F-11D3-BF4B-00C04F79EFBC}") = "Kooboo.Commerce.Activities.InvoiceReminder", "Kooboo.Commerce.Web\Areas\Kooboo.Commerce.Activities.InvoiceReminder\Kooboo.Commerce.Activities.InvoiceReminder.csproj", "{6FF34F9C-B9D4-4943-B47C-645BA0995DAE}"
EndProject
Project("{2150E333-8FDC-42A3-9474-1A3956D46DE8}") = "Samples", "Samples", "{C046CB57-2A87-4C88-9344-6D2460B2EC4F}"
EndProject
Project("{FAE04EC0-301F-11D3-BF4B-00C04F79EFBC}") = "Kooboo.Commerce.AddIns.Samples.EventTracking", "Kooboo.Commerce.Web\Areas\Kooboo.Commerce.AddIns.Samples.EventTracking\Kooboo.Commerce.AddIns.Samples.EventTracking.csproj", "{8DBFA10A-651C-472A-AE33-289493117496}"
EndProject
Project("{FAE04EC0-301F-11D3-BF4B-00C04F79EFBC}") = "Kooboo.Commerce.API.LocalProvider", "Kooboo.Commerce.API.LocalProvider\Kooboo.Commerce.API.LocalProvider.csproj", "{6DF0BCB3-A1C8-4150-ACE5-A458A477D221}"
EndProject
Project("{FAE04EC0-301F-11D3-BF4B-00C04F79EFBC}") = "Kooboo.Commerce.API.RestProvider", "Kooboo.Commerce.API.RestProvider\Kooboo.Commerce.API.RestProvider.csproj", "{17485074-A10C-42A6-BE94-2BE21F2C60E3}"
EndProject
Project("{FAE04EC0-301F-11D3-BF4B-00C04F79EFBC}") = "Kooboo.Commerce.API.CmsSite", "Kooboo.Commerce.API.CmsSite\Kooboo.Commerce.API.CmsSite.csproj", "{5BA65D94-5968-4861-907A-460C252433CD}"
EndProject
Global
	GlobalSection(SolutionConfigurationPlatforms) = preSolution
		Debug|Any CPU = Debug|Any CPU
		Release|Any CPU = Release|Any CPU
	EndGlobalSection
	GlobalSection(ProjectConfigurationPlatforms) = postSolution
		{BA7AA675-9613-4507-9BAA-2BA608E990CA}.Debug|Any CPU.ActiveCfg = Debug|Any CPU
		{BA7AA675-9613-4507-9BAA-2BA608E990CA}.Debug|Any CPU.Build.0 = Debug|Any CPU
		{BA7AA675-9613-4507-9BAA-2BA608E990CA}.Release|Any CPU.ActiveCfg = Release|Any CPU
		{BA7AA675-9613-4507-9BAA-2BA608E990CA}.Release|Any CPU.Build.0 = Release|Any CPU
		{E22AF3F7-7F7F-4571-89DA-8E39DABB6926}.Debug|Any CPU.ActiveCfg = Debug|Any CPU
		{E22AF3F7-7F7F-4571-89DA-8E39DABB6926}.Debug|Any CPU.Build.0 = Debug|Any CPU
		{E22AF3F7-7F7F-4571-89DA-8E39DABB6926}.Release|Any CPU.ActiveCfg = Release|Any CPU
		{E22AF3F7-7F7F-4571-89DA-8E39DABB6926}.Release|Any CPU.Build.0 = Release|Any CPU
		{DC4664E1-6E95-4062-9AC0-C0574DDAB015}.Debug|Any CPU.ActiveCfg = Debug|Any CPU
		{DC4664E1-6E95-4062-9AC0-C0574DDAB015}.Debug|Any CPU.Build.0 = Debug|Any CPU
		{DC4664E1-6E95-4062-9AC0-C0574DDAB015}.Release|Any CPU.ActiveCfg = Release|Any CPU
		{DC4664E1-6E95-4062-9AC0-C0574DDAB015}.Release|Any CPU.Build.0 = Release|Any CPU
		{585D673E-82D2-4B8F-BAA2-66F5FD004AF0}.Debug|Any CPU.ActiveCfg = Debug|Any CPU
		{585D673E-82D2-4B8F-BAA2-66F5FD004AF0}.Debug|Any CPU.Build.0 = Debug|Any CPU
		{585D673E-82D2-4B8F-BAA2-66F5FD004AF0}.Release|Any CPU.ActiveCfg = Release|Any CPU
		{585D673E-82D2-4B8F-BAA2-66F5FD004AF0}.Release|Any CPU.Build.0 = Release|Any CPU
		{1AE76B20-1FE6-4CE6-9486-22804BAEDE76}.Debug|Any CPU.ActiveCfg = Debug|Any CPU
		{1AE76B20-1FE6-4CE6-9486-22804BAEDE76}.Debug|Any CPU.Build.0 = Debug|Any CPU
		{1AE76B20-1FE6-4CE6-9486-22804BAEDE76}.Release|Any CPU.ActiveCfg = Release|Any CPU
		{1AE76B20-1FE6-4CE6-9486-22804BAEDE76}.Release|Any CPU.Build.0 = Release|Any CPU
		{38106EC3-339F-4AF9-B1F1-9C9EAC8BBC78}.Debug|Any CPU.ActiveCfg = Debug|Any CPU
		{38106EC3-339F-4AF9-B1F1-9C9EAC8BBC78}.Debug|Any CPU.Build.0 = Debug|Any CPU
		{38106EC3-339F-4AF9-B1F1-9C9EAC8BBC78}.Release|Any CPU.ActiveCfg = Release|Any CPU
		{38106EC3-339F-4AF9-B1F1-9C9EAC8BBC78}.Release|Any CPU.Build.0 = Release|Any CPU
		{E24C0148-0A5E-40C4-9111-CF6B872FAB15}.Debug|Any CPU.ActiveCfg = Debug|Any CPU
		{E24C0148-0A5E-40C4-9111-CF6B872FAB15}.Debug|Any CPU.Build.0 = Debug|Any CPU
		{E24C0148-0A5E-40C4-9111-CF6B872FAB15}.Release|Any CPU.ActiveCfg = Release|Any CPU
		{E24C0148-0A5E-40C4-9111-CF6B872FAB15}.Release|Any CPU.Build.0 = Release|Any CPU
		{176BA79C-E673-4DD4-8FC9-403520ACF672}.Debug|Any CPU.ActiveCfg = Debug|Any CPU
		{176BA79C-E673-4DD4-8FC9-403520ACF672}.Debug|Any CPU.Build.0 = Debug|Any CPU
		{176BA79C-E673-4DD4-8FC9-403520ACF672}.Release|Any CPU.ActiveCfg = Release|Any CPU
		{176BA79C-E673-4DD4-8FC9-403520ACF672}.Release|Any CPU.Build.0 = Release|Any CPU
		{B5D73013-AC0E-4A38-AFE5-9C931797F6A0}.Debug|Any CPU.ActiveCfg = Debug|Any CPU
		{B5D73013-AC0E-4A38-AFE5-9C931797F6A0}.Debug|Any CPU.Build.0 = Debug|Any CPU
		{B5D73013-AC0E-4A38-AFE5-9C931797F6A0}.Release|Any CPU.ActiveCfg = Release|Any CPU
		{B5D73013-AC0E-4A38-AFE5-9C931797F6A0}.Release|Any CPU.Build.0 = Release|Any CPU
		{5B8B6F8C-F82F-425F-B521-40B2949383E4}.Debug|Any CPU.ActiveCfg = Debug|Any CPU
		{5B8B6F8C-F82F-425F-B521-40B2949383E4}.Debug|Any CPU.Build.0 = Debug|Any CPU
		{5B8B6F8C-F82F-425F-B521-40B2949383E4}.Release|Any CPU.ActiveCfg = Release|Any CPU
		{5B8B6F8C-F82F-425F-B521-40B2949383E4}.Release|Any CPU.Build.0 = Release|Any CPU
		{26517DC5-30B5-4EB3-A3E7-A1ADE568D8BC}.Debug|Any CPU.ActiveCfg = Debug|Any CPU
		{26517DC5-30B5-4EB3-A3E7-A1ADE568D8BC}.Debug|Any CPU.Build.0 = Debug|Any CPU
		{26517DC5-30B5-4EB3-A3E7-A1ADE568D8BC}.Release|Any CPU.ActiveCfg = Release|Any CPU
		{26517DC5-30B5-4EB3-A3E7-A1ADE568D8BC}.Release|Any CPU.Build.0 = Release|Any CPU
		{86A0352B-7C37-4322-9B91-C0D0556083CB}.Debug|Any CPU.ActiveCfg = Debug|Any CPU
		{86A0352B-7C37-4322-9B91-C0D0556083CB}.Debug|Any CPU.Build.0 = Debug|Any CPU
		{86A0352B-7C37-4322-9B91-C0D0556083CB}.Release|Any CPU.ActiveCfg = Release|Any CPU
		{86A0352B-7C37-4322-9B91-C0D0556083CB}.Release|Any CPU.Build.0 = Release|Any CPU
		{27F37F70-B109-49C2-9383-C8B855C4AEFB}.Debug|Any CPU.ActiveCfg = Debug|Any CPU
		{27F37F70-B109-49C2-9383-C8B855C4AEFB}.Debug|Any CPU.Build.0 = Debug|Any CPU
		{27F37F70-B109-49C2-9383-C8B855C4AEFB}.Release|Any CPU.ActiveCfg = Release|Any CPU
		{27F37F70-B109-49C2-9383-C8B855C4AEFB}.Release|Any CPU.Build.0 = Release|Any CPU
		{E5114D63-FFD9-413F-830E-6E4F769200B2}.Debug|Any CPU.ActiveCfg = Debug|Any CPU
		{E5114D63-FFD9-413F-830E-6E4F769200B2}.Debug|Any CPU.Build.0 = Debug|Any CPU
		{E5114D63-FFD9-413F-830E-6E4F769200B2}.Release|Any CPU.ActiveCfg = Release|Any CPU
		{E5114D63-FFD9-413F-830E-6E4F769200B2}.Release|Any CPU.Build.0 = Release|Any CPU
		{51754289-4183-4D46-B147-01B4F0B56A5C}.Debug|Any CPU.ActiveCfg = Debug|Any CPU
		{51754289-4183-4D46-B147-01B4F0B56A5C}.Debug|Any CPU.Build.0 = Debug|Any CPU
		{51754289-4183-4D46-B147-01B4F0B56A5C}.Release|Any CPU.ActiveCfg = Release|Any CPU
		{51754289-4183-4D46-B147-01B4F0B56A5C}.Release|Any CPU.Build.0 = Release|Any CPU
		{384099CF-682D-46B8-B136-010DBE91018D}.Debug|Any CPU.ActiveCfg = Debug|Any CPU
		{384099CF-682D-46B8-B136-010DBE91018D}.Debug|Any CPU.Build.0 = Debug|Any CPU
		{384099CF-682D-46B8-B136-010DBE91018D}.Release|Any CPU.ActiveCfg = Release|Any CPU
		{384099CF-682D-46B8-B136-010DBE91018D}.Release|Any CPU.Build.0 = Release|Any CPU
		{CD168C81-AA6F-480A-94EC-87E3BA0A5871}.Debug|Any CPU.ActiveCfg = Debug|Any CPU
		{CD168C81-AA6F-480A-94EC-87E3BA0A5871}.Debug|Any CPU.Build.0 = Debug|Any CPU
		{CD168C81-AA6F-480A-94EC-87E3BA0A5871}.Release|Any CPU.ActiveCfg = Release|Any CPU
		{CD168C81-AA6F-480A-94EC-87E3BA0A5871}.Release|Any CPU.Build.0 = Release|Any CPU
		{6FF34F9C-B9D4-4943-B47C-645BA0995DAE}.Debug|Any CPU.ActiveCfg = Debug|Any CPU
		{6FF34F9C-B9D4-4943-B47C-645BA0995DAE}.Debug|Any CPU.Build.0 = Debug|Any CPU
		{6FF34F9C-B9D4-4943-B47C-645BA0995DAE}.Release|Any CPU.ActiveCfg = Release|Any CPU
		{6FF34F9C-B9D4-4943-B47C-645BA0995DAE}.Release|Any CPU.Build.0 = Release|Any CPU
		{8DBFA10A-651C-472A-AE33-289493117496}.Debug|Any CPU.ActiveCfg = Debug|Any CPU
		{8DBFA10A-651C-472A-AE33-289493117496}.Debug|Any CPU.Build.0 = Debug|Any CPU
		{8DBFA10A-651C-472A-AE33-289493117496}.Release|Any CPU.ActiveCfg = Release|Any CPU
		{8DBFA10A-651C-472A-AE33-289493117496}.Release|Any CPU.Build.0 = Release|Any CPU
		{6DF0BCB3-A1C8-4150-ACE5-A458A477D221}.Debug|Any CPU.ActiveCfg = Debug|Any CPU
		{6DF0BCB3-A1C8-4150-ACE5-A458A477D221}.Debug|Any CPU.Build.0 = Debug|Any CPU
		{6DF0BCB3-A1C8-4150-ACE5-A458A477D221}.Release|Any CPU.ActiveCfg = Release|Any CPU
		{6DF0BCB3-A1C8-4150-ACE5-A458A477D221}.Release|Any CPU.Build.0 = Release|Any CPU
		{17485074-A10C-42A6-BE94-2BE21F2C60E3}.Debug|Any CPU.ActiveCfg = Debug|Any CPU
		{17485074-A10C-42A6-BE94-2BE21F2C60E3}.Debug|Any CPU.Build.0 = Debug|Any CPU
		{17485074-A10C-42A6-BE94-2BE21F2C60E3}.Release|Any CPU.ActiveCfg = Release|Any CPU
		{17485074-A10C-42A6-BE94-2BE21F2C60E3}.Release|Any CPU.Build.0 = Release|Any CPU
		{5BA65D94-5968-4861-907A-460C252433CD}.Debug|Any CPU.ActiveCfg = Debug|Any CPU
		{5BA65D94-5968-4861-907A-460C252433CD}.Debug|Any CPU.Build.0 = Debug|Any CPU
		{5BA65D94-5968-4861-907A-460C252433CD}.Release|Any CPU.ActiveCfg = Release|Any CPU
		{5BA65D94-5968-4861-907A-460C252433CD}.Release|Any CPU.Build.0 = Release|Any CPU
	EndGlobalSection
	GlobalSection(SolutionProperties) = preSolution
		HideSolutionNode = FALSE
	EndGlobalSection
	GlobalSection(NestedProjects) = preSolution
		{BA7AA675-9613-4507-9BAA-2BA608E990CA} = {815F0052-9314-40A9-BA1B-71572CCD98AD}
		{E22AF3F7-7F7F-4571-89DA-8E39DABB6926} = {815F0052-9314-40A9-BA1B-71572CCD98AD}
		{DC4664E1-6E95-4062-9AC0-C0574DDAB015} = {815F0052-9314-40A9-BA1B-71572CCD98AD}
		{26517DC5-30B5-4EB3-A3E7-A1ADE568D8BC} = {815F0052-9314-40A9-BA1B-71572CCD98AD}
		{B9E2689E-7802-4F2D-82FC-29B6650A3950} = {BF64373D-7134-4408-8749-1B6A954BEFF8}
		{B70DACF5-6EF4-45D7-97CB-AE97A14FCF3A} = {BF64373D-7134-4408-8749-1B6A954BEFF8}
		{C9CA398D-7BE3-4748-B6B2-D21AC9448B1B} = {BF64373D-7134-4408-8749-1B6A954BEFF8}
		{D91DD0F1-BAE9-4DCA-BBC5-67D9B1E1E61D} = {BF64373D-7134-4408-8749-1B6A954BEFF8}
		{3224596E-BCE8-4FDE-A7D8-634B9D331244} = {BF64373D-7134-4408-8749-1B6A954BEFF8}
		{C046CB57-2A87-4C88-9344-6D2460B2EC4F} = {BF64373D-7134-4408-8749-1B6A954BEFF8}
		{51754289-4183-4D46-B147-01B4F0B56A5C} = {B9E2689E-7802-4F2D-82FC-29B6650A3950}
		{6FF34F9C-B9D4-4943-B47C-645BA0995DAE} = {B9E2689E-7802-4F2D-82FC-29B6650A3950}
		{1AE76B20-1FE6-4CE6-9486-22804BAEDE76} = {B70DACF5-6EF4-45D7-97CB-AE97A14FCF3A}
		{86A0352B-7C37-4322-9B91-C0D0556083CB} = {B70DACF5-6EF4-45D7-97CB-AE97A14FCF3A}
		{27F37F70-B109-49C2-9383-C8B855C4AEFB} = {B70DACF5-6EF4-45D7-97CB-AE97A14FCF3A}
		{E5114D63-FFD9-413F-830E-6E4F769200B2} = {B70DACF5-6EF4-45D7-97CB-AE97A14FCF3A}
		{384099CF-682D-46B8-B136-010DBE91018D} = {B70DACF5-6EF4-45D7-97CB-AE97A14FCF3A}
		{585D673E-82D2-4B8F-BAA2-66F5FD004AF0} = {C9CA398D-7BE3-4748-B6B2-D21AC9448B1B}
		{38106EC3-339F-4AF9-B1F1-9C9EAC8BBC78} = {D91DD0F1-BAE9-4DCA-BBC5-67D9B1E1E61D}
		{E24C0148-0A5E-40C4-9111-CF6B872FAB15} = {D91DD0F1-BAE9-4DCA-BBC5-67D9B1E1E61D}
		{8B1D7038-D3DB-43D3-AADC-C7BCC7B07590} = {3224596E-BCE8-4FDE-A7D8-634B9D331244}
		{E1BC254D-CC60-4468-B37E-C6B07BC20CCA} = {3224596E-BCE8-4FDE-A7D8-634B9D331244}
		{176BA79C-E673-4DD4-8FC9-403520ACF672} = {8B1D7038-D3DB-43D3-AADC-C7BCC7B07590}
		{B5D73013-AC0E-4A38-AFE5-9C931797F6A0} = {E1BC254D-CC60-4468-B37E-C6B07BC20CCA}
		{5B8B6F8C-F82F-425F-B521-40B2949383E4} = {F2857AEC-6C85-45BF-BC2A-A2EC0A20D30C}
		{CD168C81-AA6F-480A-94EC-87E3BA0A5871} = {74EF2E50-2925-404D-9028-C457DDEC6520}
		{6DF0BCB3-A1C8-4150-ACE5-A458A477D221} = {74EF2E50-2925-404D-9028-C457DDEC6520}
		{17485074-A10C-42A6-BE94-2BE21F2C60E3} = {74EF2E50-2925-404D-9028-C457DDEC6520}
		{5BA65D94-5968-4861-907A-460C252433CD} = {74EF2E50-2925-404D-9028-C457DDEC6520}
		{8DBFA10A-651C-472A-AE33-289493117496} = {C046CB57-2A87-4C88-9344-6D2460B2EC4F}
	EndGlobalSection
EndGlobal
